# This file is @generated by PDM.
# It is not intended for manual editing.

[metadata]
groups = ["default"]
strategy = ["inherit_metadata"]
lock_version = "4.5.0"
content_hash = "sha256:23865ad414610761dfdf05e4cb726c5219585621b5b7945309726eede03dda63"

[[metadata.targets]]
requires_python = ">=3.10"

[[package]]
name = "pip"
version = "24.3.1"
requires_python = ">=3.8"
summary = "The PyPA recommended tool for installing Python packages."
groups = ["default"]
files = [
    {file = "pip-24.3.1-py3-none-any.whl", hash = "sha256:3790624780082365f47549d032f3770eeb2b1e8bd1f7b2e02dace1afa361b4ed"},
    {file = "pip-24.3.1.tar.gz", hash = "sha256:ebcb60557f2aefabc2e0f918751cd24ea0d56d8ec5445fe1807f1d2109660b99"},
]
